
Microsoft Visual Studio Solution File, Format Version 12.00
# Visual Studio Version 16
VisualStudioVersion = 16.0.30517.126
MinimumVisualStudioVersion = 10.0.40219.1
Project("{FAE04EC0-301F-11D3-BF4B-00C04F79EFBC}") = "Program112", "Program112.csproj", "{4412209E-1F26-4DA7-963F-3761EA30BFE9}"
EndProject
Global
	GlobalSection(SolutionConfigurationPlatforms) = preSolution
		Debug|Any CPU = Debug|Any CPU
		Release|Any CPU = Release|Any CPU
	EndGlobalSection
	GlobalSection(ProjectConfigurationPlatforms) = postSolution
		{4412209E-1F26-4DA7-963F-3761EA30BFE9}.Debug|Any CPU.ActiveCfg = Debug|Any CPU
		{4412209E-1F26-4DA7-963F-3761EA30BFE9}.Debug|Any CPU.Build.0 = Debug|Any CPU
		{4412209E-1F26-4DA7-963F-3761EA30BFE9}.Release|Any CPU.ActiveCfg = Release|Any CPU
		{4412209E-1F26-4DA7-963F-3761EA30BFE9}.Release|Any CPU.Build.0 = Release|Any CPU
	EndGlobalSection
	GlobalSection(SolutionProperties) = preSolution
		HideSolutionNode = FALSE
	EndGlobalSection
	GlobalSection(ExtensibilityGlobals) = postSolution
		SolutionGuid = {8E6A385C-8FE6-4AE0-B450-831BEC8FFFE9}
	EndGlobalSection
EndGlobal
